
Microsoft Visual Studio Solution File, Format Version 12.00
# Visual Studio 15
VisualStudioVersion = 15.0.28307.329
MinimumVisualStudioVersion = 10.0.40219.1
Project("{2150E333-8FDC-42A3-9474-1A3956D46DE8}") = "Week02", "Week02", "{48538E4E-9AEA-4244-BC34-380CE2F888A9}"
EndProject
Project("{2150E333-8FDC-42A3-9474-1A3956D46DE8}") = "02", "02", "{0FBE3FD2-8F3D-4698-8A9F-177D47A404C6}"
	ProjectSection(SolutionItems) = preProject
		Week2\02\HTMLPage1.html = Week2\02\HTMLPage1.html
		Week2\02\http-message.gif = Week2\02\http-message.gif
		Week2\02\styles.css = Week2\02\styles.css
		Week2\02\www-diagram.gif = Week2\02\www-diagram.gif
	EndProjectSection
EndProject
Project("{2150E333-8FDC-42A3-9474-1A3956D46DE8}") = "Week01", "Week01", "{9EFC9D30-E674-4D1A-B3B1-2F0B08C797C8}"
EndProject
Project("{2150E333-8FDC-42A3-9474-1A3956D46DE8}") = "03", "03", "{ABFAEEE0-3C61-494E-A4C0-CE4D5605CBBF}"
	ProjectSection(SolutionItems) = preProject
		Week2\03\HTMLPage1.html = Week2\03\HTMLPage1.html
		Week2\03\http-message.gif = Week2\03\http-message.gif
		Week2\03\styles.css = Week2\03\styles.css
		Week2\03\test.html = Week2\03\test.html
		Week2\03\www-diagram.gif = Week2\03\www-diagram.gif
	EndProjectSection
EndProject
Project("{2150E333-8FDC-42A3-9474-1A3956D46DE8}") = "05", "05", "{E570420D-3848-4A80-870E-CD5CE69DB4ED}"
	ProjectSection(SolutionItems) = preProject
		Week2\05\another.html = Week2\05\another.html
		Week2\05\Lesson05.html = Week2\05\Lesson05.html
	EndProjectSection
EndProject
Project("{2150E333-8FDC-42A3-9474-1A3956D46DE8}") = "subfolder", "subfolder", "{91B396F2-9D9C-4DAE-9583-8DD7B073369F}"
	ProjectSection(SolutionItems) = preProject
		Week2\05\subfolder\subfolder.html = Week2\05\subfolder\subfolder.html
	EndProjectSection
EndProject
Project("{2150E333-8FDC-42A3-9474-1A3956D46DE8}") = "06", "06", "{9C98D522-7808-4857-8CA1-25B22B152DD3}"
	ProjectSection(SolutionItems) = preProject
		Week2\06\lesson06.html = Week2\06\lesson06.html
	EndProjectSection
EndProject
Project("{2150E333-8FDC-42A3-9474-1A3956D46DE8}") = "08", "08", "{5829BC4E-99AF-477F-B300-F3891572E486}"
	ProjectSection(SolutionItems) = preProject
		Week2\08\Lesson08.html = Week2\08\Lesson08.html
	EndProjectSection
EndProject
Project("{2150E333-8FDC-42A3-9474-1A3956D46DE8}") = "09", "09", "{C2DF729E-1F8C-4A5A-96DE-A19AA5DBD9F2}"
	ProjectSection(SolutionItems) = preProject
		Week2\09\Lesson09.html = Week2\09\Lesson09.html
	EndProjectSection
EndProject
Project("{2150E333-8FDC-42A3-9474-1A3956D46DE8}") = "10", "10", "{7F7DD04D-4A18-4030-8376-AEC3D9E24A00}"
	ProjectSection(SolutionItems) = preProject
		Week2\10\Lesson10.html = Week2\10\Lesson10.html
	EndProjectSection
EndProject
Project("{2150E333-8FDC-42A3-9474-1A3956D46DE8}") = "11", "11", "{96725C7E-97AB-4A07-B5FA-EE2C5A0203A0}"
	ProjectSection(SolutionItems) = preProject
		Week2\11\Lesson11.html = Week2\11\Lesson11.html
	EndProjectSection
EndProject
Project("{2150E333-8FDC-42A3-9474-1A3956D46DE8}") = "12", "12", "{4A6113BB-69A2-4974-9AE4-E14773BF4C16}"
	ProjectSection(SolutionItems) = preProject
		Week2\12\Lesson12.html = Week2\12\Lesson12.html
		Week2\12\styles.css = Week2\12\styles.css
	EndProjectSection
EndProject
Project("{2150E333-8FDC-42A3-9474-1A3956D46DE8}") = "13", "13", "{80D8CE12-CB41-49B4-ABB9-156038D92F45}"
	ProjectSection(SolutionItems) = preProject
		Week2\13\Lesson13.html = Week2\13\Lesson13.html
	EndProjectSection
EndProject
Project("{2150E333-8FDC-42A3-9474-1A3956D46DE8}") = "14", "14", "{BEAF4BD1-FB0C-412F-A9CA-9FE1A71A4A0A}"
	ProjectSection(SolutionItems) = preProject
		Week2\14\Lesson14.html = Week2\14\Lesson14.html
	EndProjectSection
EndProject
Project("{2150E333-8FDC-42A3-9474-1A3956D46DE8}") = "15", "15", "{930EF3A0-692F-47EF-B788-25BD2FC2C248}"
	ProjectSection(SolutionItems) = preProject
		Week2\15\Lesson15.html = Week2\15\Lesson15.html
	EndProjectSection
EndProject
Project("{2150E333-8FDC-42A3-9474-1A3956D46DE8}") = "16", "16", "{81BBB8A6-AD4B-4331-9262-9B7E228338C2}"
	ProjectSection(SolutionItems) = preProject
		Week2\16\Lesson16.html = Week2\16\Lesson16.html
	EndProjectSection
EndProject
Project("{2150E333-8FDC-42A3-9474-1A3956D46DE8}") = "17", "17", "{B1932FDA-8D8B-45C1-9D17-48BAE41ACC3B}"
	ProjectSection(SolutionItems) = preProject
		Week2\17\GoodDogPlain.eot = Week2\17\GoodDogPlain.eot
		Week2\17\GoodDogPlain.svg = Week2\17\GoodDogPlain.svg
		Week2\17\GoodDogPlain.ttf = Week2\17\GoodDogPlain.ttf
		Week2\17\GoodDogPlain.woff = Week2\17\GoodDogPlain.woff
		Week2\17\GoodDogPlain.woff2 = Week2\17\GoodDogPlain.woff2
		Week2\17\Lesson17.html = Week2\17\Lesson17.html
		Week2\17\styles.css = Week2\17\styles.css
	EndProjectSection
EndProject
Project("{2150E333-8FDC-42A3-9474-1A3956D46DE8}") = "18", "18", "{D3504191-0630-430D-9B1F-BC5A74A6FB53}"
	ProjectSection(SolutionItems) = preProject
		Week2\18\30seconds.mp4 = Week2\18\30seconds.mp4
		Week2\18\Lesson18.html = Week2\18\Lesson18.html
		Week2\18\poster.jpg = Week2\18\poster.jpg
	EndProjectSection
EndProject
Project("{2150E333-8FDC-42A3-9474-1A3956D46DE8}") = "19", "19", "{A8007515-F625-49AC-AABB-70905D5AF8C3}"
	ProjectSection(SolutionItems) = preProject
		Week2\19\Lesson19.html = Week2\19\Lesson19.html
	EndProjectSection
EndProject
Project("{2150E333-8FDC-42A3-9474-1A3956D46DE8}") = "20", "20", "{1A368E1C-8BE8-4B83-AAC0-03BC60C7CD90}"
	ProjectSection(SolutionItems) = preProject
		Week2\20\copy_paste_svg.html = Week2\20\copy_paste_svg.html
		Week2\20\external_link.html = Week2\20\external_link.html
		Week2\20\Illustrator_SVG.png.png = Week2\20\Illustrator_SVG.png.png
		Week2\20\svg_interactivity.html = Week2\20\svg_interactivity.html
		Week2\20\Test.svg = Week2\20\Test.svg
	EndProjectSection
EndProject
Project("{FAE04EC0-301F-11D3-BF4B-00C04F79EFBC}") = "AssembliesAndNamespaces", "Week01\AssembliesAndNamespaces\AssembliesAndNamespaces.csproj", "{85778229-819D-4EB0-BA2C-E0DE2D56EA60}"
EndProject
Project("{FAE04EC0-301F-11D3-BF4B-00C04F79EFBC}") = "DatesAndTimes", "Week01\DatesAndTimes\DatesAndTimes.csproj", "{6B0B3558-B554-48F7-A250-5B0B88715A05}"
EndProject
Project("{FAE04EC0-301F-11D3-BF4B-00C04F79EFBC}") = "Decisions", "Week01\Decisions\Decisions.csproj", "{2E7484D9-D459-43B1-B6FA-0DC51B209E01}"
EndProject
Project("{FAE04EC0-301F-11D3-BF4B-00C04F79EFBC}") = "DefiningAndCallingMethods", "Week01\Defining and Calling Methods\DefiningAndCallingMethods.csproj", "{6DB06F46-683D-426B-901F-C4B2EE13A4FE}"
EndProject
Project("{FAE04EC0-301F-11D3-BF4B-00C04F79EFBC}") = "EnumsAndSwitch", "Week01\EnumsAndSwitch\EnumsAndSwitch.csproj", "{F3A2E6FC-C1CA-41B7-9959-FFC1CAA9B5F4}"
EndProject
Project("{FAE04EC0-301F-11D3-BF4B-00C04F79EFBC}") = "ForIteration", "Week01\ForIteration\ForIteration.csproj", "{5A646E19-3E6C-48BE-8EC4-EC8D12B95F0D}"
EndProject
Project("{FAE04EC0-301F-11D3-BF4B-00C04F79EFBC}") = "HandlingExceptions", "Week01\HandlingExceptions\HandlingExceptions.csproj", "{7DEAC4E5-7336-426F-9867-8BF2BC3E7862}"
EndProject
Project("{FAE04EC0-301F-11D3-BF4B-00C04F79EFBC}") = "HelloWorld", "Week01\HelloWorld\HelloWorld.csproj", "{00D47051-563E-49FB-8B78-3949013CF5D4}"
EndProject
Project("{FAE04EC0-301F-11D3-BF4B-00C04F79EFBC}") = "ObjectLifetime", "Week01\ObjectLifetime\ObjectLifetime.csproj", "{A1A66D8C-F249-42BE-920D-7B2E8D786F7F}"
EndProject
Project("{FAE04EC0-301F-11D3-BF4B-00C04F79EFBC}") = "OperatorsExpressionsStatements", "Week01\OperatorsExpressionsStatements\OperatorsExpressionsStatements.csproj", "{BBB99F66-81BE-4ECA-B747-1FAC2A058B0F}"
EndProject
Project("{FAE04EC0-301F-11D3-BF4B-00C04F79EFBC}") = "UnderstandingArrays", "Week01\UnderstandingArrays\UnderstandingArrays.csproj", "{0BBEB658-8C55-4824-AD28-63A451C48D7D}"
EndProject
Project("{FAE04EC0-301F-11D3-BF4B-00C04F79EFBC}") = "UnderstandingLINQ", "Week01\UnderstandingLINQ\UnderstandingLINQ.csproj", "{7C6C2679-AA78-4C7C-8A35-85D274E7E123}"
EndProject
Project("{FAE04EC0-301F-11D3-BF4B-00C04F79EFBC}") = "UnderstandingScope", "Week01\UnderstandingScope\UnderstandingScope.csproj", "{61E8C9C8-177C-4991-BA78-8AA7A79102B0}"
EndProject
Project("{FAE04EC0-301F-11D3-BF4B-00C04F79EFBC}") = "WorkingWIthCollections", "Week01\WorkingWIthCollections\WorkingWIthCollections.csproj", "{33BA5C27-4FDF-4956-B15E-6B0812973425}"
EndProject
Project("{FAE04EC0-301F-11D3-BF4B-00C04F79EFBC}") = "WPFEvents", "Week01\WPFEvents\WPFEvents.csproj", "{317A8BCC-B1F3-40A1-AE7A-E31D60BA5BD8}"
EndProject
Project("{FAE04EC0-301F-11D3-BF4B-00C04F79EFBC}") = "WorkingWithStrings", "Week01\WorkingWithStrings\WorkingWithStrings.csproj", "{FBF7A7BA-8317-4983-9352-C290128CA413}"
EndProject
Project("{FAE04EC0-301F-11D3-BF4B-00C04F79EFBC}") = "SimpleClasses", "Week01\SimpleClasses\SimpleClasses.csproj", "{BAA5B31F-ECDC-444C-997A-7554A4F733A4}"
EndProject
Project("{FAE04EC0-301F-11D3-BF4B-00C04F79EFBC}") = "TimerExample", "Week01\TimerExample\TimerExample.csproj", "{0F8CCC2E-D43C-45CA-B46A-714D0E9EE78C}"
EndProject
Project("{FAE04EC0-301F-11D3-BF4B-00C04F79EFBC}") = "WhileIteration", "Week01\WhileIteration\WhileIteration.csproj", "{AF738E27-EBEE-48A2-BFCF-266226158C4D}"
EndProject
Project("{FAE04EC0-301F-11D3-BF4B-00C04F79EFBC}") = "myClient", "Week01\myClient\myClient.csproj", "{115E08BC-2FF2-4937-A723-8EB2484FC66D}"
EndProject
Project("{FAE04EC0-301F-11D3-BF4B-00C04F79EFBC}") = "MyCodeLibrary", "Week01\MyCodeLibrary\MyCodeLibrary.csproj", "{6C26142A-D817-4F86-9CB0-F1F74BE05FA3}"
EndProject
Project("{FAE04EC0-301F-11D3-BF4B-00C04F79EFBC}") = "SimpleMethod", "Week01\SimpleMethod\SimpleMethod.csproj", "{D450CDD7-08F2-430D-8F82-563E53C9B772}"
EndProject
Project("{FAE04EC0-301F-11D3-BF4B-00C04F79EFBC}") = "Variables", "Week01\Variables\Variables.csproj", "{F4FD23D8-1CB4-4E44-821A-E78A6CF4913A}"
EndProject
Global
	GlobalSection(SolutionConfigurationPlatforms) = preSolution
		Debug|Any CPU = Debug|Any CPU
		Release|Any CPU = Release|Any CPU
	EndGlobalSection
	GlobalSection(ProjectConfigurationPlatforms) = postSolution
		{85778229-819D-4EB0-BA2C-E0DE2D56EA60}.Debug|Any CPU.ActiveCfg = Debug|Any CPU
		{85778229-819D-4EB0-BA2C-E0DE2D56EA60}.Debug|Any CPU.Build.0 = Debug|Any CPU
		{85778229-819D-4EB0-BA2C-E0DE2D56EA60}.Release|Any CPU.ActiveCfg = Release|Any CPU
		{85778229-819D-4EB0-BA2C-E0DE2D56EA60}.Release|Any CPU.Build.0 = Release|Any CPU
		{6B0B3558-B554-48F7-A250-5B0B88715A05}.Debug|Any CPU.ActiveCfg = Debug|Any CPU
		{6B0B3558-B554-48F7-A250-5B0B88715A05}.Debug|Any CPU.Build.0 = Debug|Any CPU
		{6B0B3558-B554-48F7-A250-5B0B88715A05}.Release|Any CPU.ActiveCfg = Release|Any CPU
		{6B0B3558-B554-48F7-A250-5B0B88715A05}.Release|Any CPU.Build.0 = Release|Any CPU
		{2E7484D9-D459-43B1-B6FA-0DC51B209E01}.Debug|Any CPU.ActiveCfg = Debug|Any CPU
		{2E7484D9-D459-43B1-B6FA-0DC51B209E01}.Debug|Any CPU.Build.0 = Debug|Any CPU
		{2E7484D9-D459-43B1-B6FA-0DC51B209E01}.Release|Any CPU.ActiveCfg = Release|Any CPU
		{2E7484D9-D459-43B1-B6FA-0DC51B209E01}.Release|Any CPU.Build.0 = Release|Any CPU
		{6DB06F46-683D-426B-901F-C4B2EE13A4FE}.Debug|Any CPU.ActiveCfg = Debug|Any CPU
		{6DB06F46-683D-426B-901F-C4B2EE13A4FE}.Debug|Any CPU.Build.0 = Debug|Any CPU
		{6DB06F46-683D-426B-901F-C4B2EE13A4FE}.Release|Any CPU.ActiveCfg = Release|Any CPU
		{6DB06F46-683D-426B-901F-C4B2EE13A4FE}.Release|Any CPU.Build.0 = Release|Any CPU
		{F3A2E6FC-C1CA-41B7-9959-FFC1CAA9B5F4}.Debug|Any CPU.ActiveCfg = Debug|Any CPU
		{F3A2E6FC-C1CA-41B7-9959-FFC1CAA9B5F4}.Debug|Any CPU.Build.0 = Debug|Any CPU
		{F3A2E6FC-C1CA-41B7-9959-FFC1CAA9B5F4}.Release|Any CPU.ActiveCfg = Release|Any CPU
		{F3A2E6FC-C1CA-41B7-9959-FFC1CAA9B5F4}.Release|Any CPU.Build.0 = Release|Any CPU
		{5A646E19-3E6C-48BE-8EC4-EC8D12B95F0D}.Debug|Any CPU.ActiveCfg = Debug|Any CPU
		{5A646E19-3E6C-48BE-8EC4-EC8D12B95F0D}.Debug|Any CPU.Build.0 = Debug|Any CPU
		{5A646E19-3E6C-48BE-8EC4-EC8D12B95F0D}.Release|Any CPU.ActiveCfg = Release|Any CPU
		{5A646E19-3E6C-48BE-8EC4-EC8D12B95F0D}.Release|Any CPU.Build.0 = Release|Any CPU
		{7DEAC4E5-7336-426F-9867-8BF2BC3E7862}.Debug|Any CPU.ActiveCfg = Debug|Any CPU
		{7DEAC4E5-7336-426F-9867-8BF2BC3E7862}.Debug|Any CPU.Build.0 = Debug|Any CPU
		{7DEAC4E5-7336-426F-9867-8BF2BC3E7862}.Release|Any CPU.ActiveCfg = Release|Any CPU
		{7DEAC4E5-7336-426F-9867-8BF2BC3E7862}.Release|Any CPU.Build.0 = Release|Any CPU
		{00D47051-563E-49FB-8B78-3949013CF5D4}.Debug|Any CPU.ActiveCfg = Debug|Any CPU
		{00D47051-563E-49FB-8B78-3949013CF5D4}.Debug|Any CPU.Build.0 = Debug|Any CPU
		{00D47051-563E-49FB-8B78-3949013CF5D4}.Release|Any CPU.ActiveCfg = Release|Any CPU
		{00D47051-563E-49FB-8B78-3949013CF5D4}.Release|Any CPU.Build.0 = Release|Any CPU
		{A1A66D8C-F249-42BE-920D-7B2E8D786F7F}.Debug|Any CPU.ActiveCfg = Debug|Any CPU
		{A1A66D8C-F249-42BE-920D-7B2E8D786F7F}.Debug|Any CPU.Build.0 = Debug|Any CPU
		{A1A66D8C-F249-42BE-920D-7B2E8D786F7F}.Release|Any CPU.ActiveCfg = Release|Any CPU
		{A1A66D8C-F249-42BE-920D-7B2E8D786F7F}.Release|Any CPU.Build.0 = Release|Any CPU
		{BBB99F66-81BE-4ECA-B747-1FAC2A058B0F}.Debug|Any CPU.ActiveCfg = Debug|Any CPU
		{BBB99F66-81BE-4ECA-B747-1FAC2A058B0F}.Debug|Any CPU.Build.0 = Debug|Any CPU
		{BBB99F66-81BE-4ECA-B747-1FAC2A058B0F}.Release|Any CPU.ActiveCfg = Release|Any CPU
		{BBB99F66-81BE-4ECA-B747-1FAC2A058B0F}.Release|Any CPU.Build.0 = Release|Any CPU
		{0BBEB658-8C55-4824-AD28-63A451C48D7D}.Debug|Any CPU.ActiveCfg = Debug|Any CPU
		{0BBEB658-8C55-4824-AD28-63A451C48D7D}.Debug|Any CPU.Build.0 = Debug|Any CPU
		{0BBEB658-8C55-4824-AD28-63A451C48D7D}.Release|Any CPU.ActiveCfg = Release|Any CPU
		{0BBEB658-8C55-4824-AD28-63A451C48D7D}.Release|Any CPU.Build.0 = Release|Any CPU
		{7C6C2679-AA78-4C7C-8A35-85D274E7E123}.Debug|Any CPU.ActiveCfg = Debug|Any CPU
		{7C6C2679-AA78-4C7C-8A35-85D274E7E123}.Debug|Any CPU.Build.0 = Debug|Any CPU
		{7C6C2679-AA78-4C7C-8A35-85D274E7E123}.Release|Any CPU.ActiveCfg = Release|Any CPU
		{7C6C2679-AA78-4C7C-8A35-85D274E7E123}.Release|Any CPU.Build.0 = Release|Any CPU
		{61E8C9C8-177C-4991-BA78-8AA7A79102B0}.Debug|Any CPU.ActiveCfg = Debug|Any CPU
		{61E8C9C8-177C-4991-BA78-8AA7A79102B0}.Debug|Any CPU.Build.0 = Debug|Any CPU
		{61E8C9C8-177C-4991-BA78-8AA7A79102B0}.Release|Any CPU.ActiveCfg = Release|Any CPU
		{61E8C9C8-177C-4991-BA78-8AA7A79102B0}.Release|Any CPU.Build.0 = Release|Any CPU
		{33BA5C27-4FDF-4956-B15E-6B0812973425}.Debug|Any CPU.ActiveCfg = Debug|Any CPU
		{33BA5C27-4FDF-4956-B15E-6B0812973425}.Debug|Any CPU.Build.0 = Debug|Any CPU
		{33BA5C27-4FDF-4956-B15E-6B0812973425}.Release|Any CPU.ActiveCfg = Release|Any CPU
		{33BA5C27-4FDF-4956-B15E-6B0812973425}.Release|Any CPU.Build.0 = Release|Any CPU
		{317A8BCC-B1F3-40A1-AE7A-E31D60BA5BD8}.Debug|Any CPU.ActiveCfg = Debug|Any CPU
		{317A8BCC-B1F3-40A1-AE7A-E31D60BA5BD8}.Debug|Any CPU.Build.0 = Debug|Any CPU
		{317A8BCC-B1F3-40A1-AE7A-E31D60BA5BD8}.Release|Any CPU.ActiveCfg = Release|Any CPU
		{317A8BCC-B1F3-40A1-AE7A-E31D60BA5BD8}.Release|Any CPU.Build.0 = Release|Any CPU
		{FBF7A7BA-8317-4983-9352-C290128CA413}.Debug|Any CPU.ActiveCfg = Debug|Any CPU
		{FBF7A7BA-8317-4983-9352-C290128CA413}.Debug|Any CPU.Build.0 = Debug|Any CPU
		{FBF7A7BA-8317-4983-9352-C290128CA413}.Release|Any CPU.ActiveCfg = Release|Any CPU
		{FBF7A7BA-8317-4983-9352-C290128CA413}.Release|Any CPU.Build.0 = Release|Any CPU
		{BAA5B31F-ECDC-444C-997A-7554A4F733A4}.Debug|Any CPU.ActiveCfg = Debug|Any CPU
		{BAA5B31F-ECDC-444C-997A-7554A4F733A4}.Debug|Any CPU.Build.0 = Debug|Any CPU
		{BAA5B31F-ECDC-444C-997A-7554A4F733A4}.Release|Any CPU.ActiveCfg = Release|Any CPU
		{BAA5B31F-ECDC-444C-997A-7554A4F733A4}.Release|Any CPU.Build.0 = Release|Any CPU
		{0F8CCC2E-D43C-45CA-B46A-714D0E9EE78C}.Debug|Any CPU.ActiveCfg = Debug|Any CPU
		{0F8CCC2E-D43C-45CA-B46A-714D0E9EE78C}.Debug|Any CPU.Build.0 = Debug|Any CPU
		{0F8CCC2E-D43C-45CA-B46A-714D0E9EE78C}.Release|Any CPU.ActiveCfg = Release|Any CPU
		{0F8CCC2E-D43C-45CA-B46A-714D0E9EE78C}.Release|Any CPU.Build.0 = Release|Any CPU
		{AF738E27-EBEE-48A2-BFCF-266226158C4D}.Debug|Any CPU.ActiveCfg = Debug|Any CPU
		{AF738E27-EBEE-48A2-BFCF-266226158C4D}.Debug|Any CPU.Build.0 = Debug|Any CPU
		{AF738E27-EBEE-48A2-BFCF-266226158C4D}.Release|Any CPU.ActiveCfg = Release|Any CPU
		{AF738E27-EBEE-48A2-BFCF-266226158C4D}.Release|Any CPU.Build.0 = Release|Any CPU
		{115E08BC-2FF2-4937-A723-8EB2484FC66D}.Debug|Any CPU.ActiveCfg = Debug|Any CPU
		{115E08BC-2FF2-4937-A723-8EB2484FC66D}.Debug|Any CPU.Build.0 = Debug|Any CPU
		{115E08BC-2FF2-4937-A723-8EB2484FC66D}.Release|Any CPU.ActiveCfg = Release|Any CPU
		{115E08BC-2FF2-4937-A723-8EB2484FC66D}.Release|Any CPU.Build.0 = Release|Any CPU
		{6C26142A-D817-4F86-9CB0-F1F74BE05FA3}.Debug|Any CPU.ActiveCfg = Debug|Any CPU
		{6C26142A-D817-4F86-9CB0-F1F74BE05FA3}.Debug|Any CPU.Build.0 = Debug|Any CPU
		{6C26142A-D817-4F86-9CB0-F1F74BE05FA3}.Release|Any CPU.ActiveCfg = Release|Any CPU
		{6C26142A-D817-4F86-9CB0-F1F74BE05FA3}.Release|Any CPU.Build.0 = Release|Any CPU
		{D450CDD7-08F2-430D-8F82-563E53C9B772}.Debug|Any CPU.ActiveCfg = Debug|Any CPU
		{D450CDD7-08F2-430D-8F82-563E53C9B772}.Debug|Any CPU.Build.0 = Debug|Any CPU
		{D450CDD7-08F2-430D-8F82-563E53C9B772}.Release|Any CPU.ActiveCfg = Release|Any CPU
		{D450CDD7-08F2-430D-8F82-563E53C9B772}.Release|Any CPU.Build.0 = Release|Any CPU
		{F4FD23D8-1CB4-4E44-821A-E78A6CF4913A}.Debug|Any CPU.ActiveCfg = Debug|Any CPU
		{F4FD23D8-1CB4-4E44-821A-E78A6CF4913A}.Debug|Any CPU.Build.0 = Debug|Any CPU
		{F4FD23D8-1CB4-4E44-821A-E78A6CF4913A}.Release|Any CPU.ActiveCfg = Release|Any CPU
		{F4FD23D8-1CB4-4E44-821A-E78A6CF4913A}.Release|Any CPU.Build.0 = Release|Any CPU
	EndGlobalSection
	GlobalSection(SolutionProperties) = preSolution
		HideSolutionNode = FALSE
	EndGlobalSection
	GlobalSection(NestedProjects) = preSolution
		{0FBE3FD2-8F3D-4698-8A9F-177D47A404C6} = {48538E4E-9AEA-4244-BC34-380CE2F888A9}
		{ABFAEEE0-3C61-494E-A4C0-CE4D5605CBBF} = {48538E4E-9AEA-4244-BC34-380CE2F888A9}
		{E570420D-3848-4A80-870E-CD5CE69DB4ED} = {48538E4E-9AEA-4244-BC34-380CE2F888A9}
		{91B396F2-9D9C-4DAE-9583-8DD7B073369F} = {E570420D-3848-4A80-870E-CD5CE69DB4ED}
		{9C98D522-7808-4857-8CA1-25B22B152DD3} = {48538E4E-9AEA-4244-BC34-380CE2F888A9}
		{5829BC4E-99AF-477F-B300-F3891572E486} = {48538E4E-9AEA-4244-BC34-380CE2F888A9}
		{C2DF729E-1F8C-4A5A-96DE-A19AA5DBD9F2} = {48538E4E-9AEA-4244-BC34-380CE2F888A9}
		{7F7DD04D-4A18-4030-8376-AEC3D9E24A00} = {48538E4E-9AEA-4244-BC34-380CE2F888A9}
		{96725C7E-97AB-4A07-B5FA-EE2C5A0203A0} = {48538E4E-9AEA-4244-BC34-380CE2F888A9}
		{4A6113BB-69A2-4974-9AE4-E14773BF4C16} = {48538E4E-9AEA-4244-BC34-380CE2F888A9}
		{80D8CE12-CB41-49B4-ABB9-156038D92F45} = {48538E4E-9AEA-4244-BC34-380CE2F888A9}
		{BEAF4BD1-FB0C-412F-A9CA-9FE1A71A4A0A} = {48538E4E-9AEA-4244-BC34-380CE2F888A9}
		{930EF3A0-692F-47EF-B788-25BD2FC2C248} = {48538E4E-9AEA-4244-BC34-380CE2F888A9}
		{81BBB8A6-AD4B-4331-9262-9B7E228338C2} = {48538E4E-9AEA-4244-BC34-380CE2F888A9}
		{B1932FDA-8D8B-45C1-9D17-48BAE41ACC3B} = {48538E4E-9AEA-4244-BC34-380CE2F888A9}
		{D3504191-0630-430D-9B1F-BC5A74A6FB53} = {48538E4E-9AEA-4244-BC34-380CE2F888A9}
		{A8007515-F625-49AC-AABB-70905D5AF8C3} = {48538E4E-9AEA-4244-BC34-380CE2F888A9}
		{1A368E1C-8BE8-4B83-AAC0-03BC60C7CD90} = {48538E4E-9AEA-4244-BC34-380CE2F888A9}
		{85778229-819D-4EB0-BA2C-E0DE2D56EA60} = {9EFC9D30-E674-4D1A-B3B1-2F0B08C797C8}
		{6B0B3558-B554-48F7-A250-5B0B88715A05} = {9EFC9D30-E674-4D1A-B3B1-2F0B08C797C8}
		{2E7484D9-D459-43B1-B6FA-0DC51B209E01} = {9EFC9D30-E674-4D1A-B3B1-2F0B08C797C8}
		{6DB06F46-683D-426B-901F-C4B2EE13A4FE} = {9EFC9D30-E674-4D1A-B3B1-2F0B08C797C8}
		{F3A2E6FC-C1CA-41B7-9959-FFC1CAA9B5F4} = {9EFC9D30-E674-4D1A-B3B1-2F0B08C797C8}
		{5A646E19-3E6C-48BE-8EC4-EC8D12B95F0D} = {9EFC9D30-E674-4D1A-B3B1-2F0B08C797C8}
		{7DEAC4E5-7336-426F-9867-8BF2BC3E7862} = {9EFC9D30-E674-4D1A-B3B1-2F0B08C797C8}
		{00D47051-563E-49FB-8B78-3949013CF5D4} = {9EFC9D30-E674-4D1A-B3B1-2F0B08C797C8}
		{A1A66D8C-F249-42BE-920D-7B2E8D786F7F} = {9EFC9D30-E674-4D1A-B3B1-2F0B08C797C8}
		{BBB99F66-81BE-4ECA-B747-1FAC2A058B0F} = {9EFC9D30-E674-4D1A-B3B1-2F0B08C797C8}
		{0BBEB658-8C55-4824-AD28-63A451C48D7D} = {9EFC9D30-E674-4D1A-B3B1-2F0B08C797C8}
		{7C6C2679-AA78-4C7C-8A35-85D274E7E123} = {9EFC9D30-E674-4D1A-B3B1-2F0B08C797C8}
		{61E8C9C8-177C-4991-BA78-8AA7A79102B0} = {9EFC9D30-E674-4D1A-B3B1-2F0B08C797C8}
		{33BA5C27-4FDF-4956-B15E-6B0812973425} = {9EFC9D30-E674-4D1A-B3B1-2F0B08C797C8}
		{317A8BCC-B1F3-40A1-AE7A-E31D60BA5BD8} = {9EFC9D30-E674-4D1A-B3B1-2F0B08C797C8}
		{FBF7A7BA-8317-4983-9352-C290128CA413} = {9EFC9D30-E674-4D1A-B3B1-2F0B08C797C8}
		{BAA5B31F-ECDC-444C-997A-7554A4F733A4} = {9EFC9D30-E674-4D1A-B3B1-2F0B08C797C8}
		{0F8CCC2E-D43C-45CA-B46A-714D0E9EE78C} = {9EFC9D30-E674-4D1A-B3B1-2F0B08C797C8}
		{AF738E27-EBEE-48A2-BFCF-266226158C4D} = {9EFC9D30-E674-4D1A-B3B1-2F0B08C797C8}
		{115E08BC-2FF2-4937-A723-8EB2484FC66D} = {9EFC9D30-E674-4D1A-B3B1-2F0B08C797C8}
		{6C26142A-D817-4F86-9CB0-F1F74BE05FA3} = {9EFC9D30-E674-4D1A-B3B1-2F0B08C797C8}
		{D450CDD7-08F2-430D-8F82-563E53C9B772} = {9EFC9D30-E674-4D1A-B3B1-2F0B08C797C8}
		{F4FD23D8-1CB4-4E44-821A-E78A6CF4913A} = {9EFC9D30-E674-4D1A-B3B1-2F0B08C797C8}
	EndGlobalSection
	GlobalSection(ExtensibilityGlobals) = postSolution
		SolutionGuid = {65332B08-7143-4F19-8F53-B2F41D1FE69E}
	EndGlobalSection
EndGlobal
