
Microsoft Visual Studio Solution File, Format Version 12.00
# Visual Studio 15
VisualStudioVersion = 15.0.28307.329
MinimumVisualStudioVersion = 10.0.40219.1
Project("{2150E333-8FDC-42A3-9474-1A3956D46DE8}") = "Week02", "Week02", "{48538E4E-9AEA-4244-BC34-380CE2F888A9}"
EndProject
Project("{2150E333-8FDC-42A3-9474-1A3956D46DE8}") = "02", "02", "{0FBE3FD2-8F3D-4698-8A9F-177D47A404C6}"
	ProjectSection(SolutionItems) = preProject
		Week2\02\HTMLPage1.html = Week2\02\HTMLPage1.html
		Week2\02\http-message.gif = Week2\02\http-message.gif
		Week2\02\styles.css = Week2\02\styles.css
		Week2\02\www-diagram.gif = Week2\02\www-diagram.gif
	EndProjectSection
EndProject
Project("{2150E333-8FDC-42A3-9474-1A3956D46DE8}") = "Week01", "Week01", "{9EFC9D30-E674-4D1A-B3B1-2F0B08C797C8}"
EndProject
Project("{2150E333-8FDC-42A3-9474-1A3956D46DE8}") = "HelloWorld", "HelloWorld", "{88ECA697-5526-4244-9B5F-14DFA01AAA4F}"
EndProject
Project("{FAE04EC0-301F-11D3-BF4B-00C04F79EFBC}") = "HelloWorld", "HelloWorld\HelloWorld.csproj", "{00D47051-563E-49FB-8B78-3949013CF5D4}"
EndProject
Project("{2150E333-8FDC-42A3-9474-1A3956D46DE8}") = "Variables", "Variables", "{F4700381-0CAE-44E9-9960-AFEF86B399F6}"
EndProject
Project("{FAE04EC0-301F-11D3-BF4B-00C04F79EFBC}") = "Variables", "Variables\Variables.csproj", "{F4FD23D8-1CB4-4E44-821A-E78A6CF4913A}"
EndProject
Project("{2150E333-8FDC-42A3-9474-1A3956D46DE8}") = "Decisions", "Decisions", "{353DE3DC-C8AF-42DC-B57A-D5F9E493FFCE}"
EndProject
Project("{FAE04EC0-301F-11D3-BF4B-00C04F79EFBC}") = "ConsoleApp1", "ConsoleApp1\ConsoleApp1.csproj", "{2E7484D9-D459-43B1-B6FA-0DC51B209E01}"
EndProject
Project("{2150E333-8FDC-42A3-9474-1A3956D46DE8}") = "OperatorsExpressionsStatements", "OperatorsExpressionsStatements", "{1CBC91B4-39DD-4C32-8CD5-8A3FCF626FD1}"
EndProject
Project("{FAE04EC0-301F-11D3-BF4B-00C04F79EFBC}") = "OperatorsExpressionsStatements", "OperatorsExpressionsStatements\OperatorsExpressionsStatements.csproj", "{BBB99F66-81BE-4ECA-B747-1FAC2A058B0F}"
EndProject
Project("{2150E333-8FDC-42A3-9474-1A3956D46DE8}") = "ForIteration", "ForIteration", "{9E03E2FF-C433-4229-A876-569137983D4B}"
EndProject
Project("{FAE04EC0-301F-11D3-BF4B-00C04F79EFBC}") = "ForIteration", "ForIteration\ForIteration.csproj", "{5A646E19-3E6C-48BE-8EC4-EC8D12B95F0D}"
EndProject
Project("{2150E333-8FDC-42A3-9474-1A3956D46DE8}") = "03", "03", "{ABFAEEE0-3C61-494E-A4C0-CE4D5605CBBF}"
	ProjectSection(SolutionItems) = preProject
		Week2\03\HTMLPage1.html = Week2\03\HTMLPage1.html
		Week2\03\http-message.gif = Week2\03\http-message.gif
		Week2\03\styles.css = Week2\03\styles.css
		Week2\03\test.html = Week2\03\test.html
		Week2\03\www-diagram.gif = Week2\03\www-diagram.gif
	EndProjectSection
EndProject
Project("{2150E333-8FDC-42A3-9474-1A3956D46DE8}") = "05", "05", "{E570420D-3848-4A80-870E-CD5CE69DB4ED}"
	ProjectSection(SolutionItems) = preProject
		Week2\05\another.html = Week2\05\another.html
		Week2\05\Lesson05.html = Week2\05\Lesson05.html
	EndProjectSection
EndProject
Project("{2150E333-8FDC-42A3-9474-1A3956D46DE8}") = "subfolder", "subfolder", "{91B396F2-9D9C-4DAE-9583-8DD7B073369F}"
	ProjectSection(SolutionItems) = preProject
		Week2\05\subfolder\subfolder.html = Week2\05\subfolder\subfolder.html
	EndProjectSection
EndProject
Project("{2150E333-8FDC-42A3-9474-1A3956D46DE8}") = "06", "06", "{9C98D522-7808-4857-8CA1-25B22B152DD3}"
	ProjectSection(SolutionItems) = preProject
		Week2\06\lesson06.html = Week2\06\lesson06.html
	EndProjectSection
EndProject
Project("{2150E333-8FDC-42A3-9474-1A3956D46DE8}") = "08", "08", "{5829BC4E-99AF-477F-B300-F3891572E486}"
	ProjectSection(SolutionItems) = preProject
		Week2\08\Lesson08.html = Week2\08\Lesson08.html
	EndProjectSection
EndProject
Project("{2150E333-8FDC-42A3-9474-1A3956D46DE8}") = "09", "09", "{C2DF729E-1F8C-4A5A-96DE-A19AA5DBD9F2}"
	ProjectSection(SolutionItems) = preProject
		Week2\09\Lesson09.html = Week2\09\Lesson09.html
	EndProjectSection
EndProject
Project("{2150E333-8FDC-42A3-9474-1A3956D46DE8}") = "10", "10", "{7F7DD04D-4A18-4030-8376-AEC3D9E24A00}"
	ProjectSection(SolutionItems) = preProject
		Week2\10\Lesson10.html = Week2\10\Lesson10.html
	EndProjectSection
EndProject
Project("{2150E333-8FDC-42A3-9474-1A3956D46DE8}") = "11", "11", "{96725C7E-97AB-4A07-B5FA-EE2C5A0203A0}"
	ProjectSection(SolutionItems) = preProject
		Week2\11\Lesson11.html = Week2\11\Lesson11.html
	EndProjectSection
EndProject
Project("{2150E333-8FDC-42A3-9474-1A3956D46DE8}") = "12", "12", "{4A6113BB-69A2-4974-9AE4-E14773BF4C16}"
	ProjectSection(SolutionItems) = preProject
		Week2\12\Lesson12.html = Week2\12\Lesson12.html
		Week2\12\styles.css = Week2\12\styles.css
	EndProjectSection
EndProject
Project("{2150E333-8FDC-42A3-9474-1A3956D46DE8}") = "13", "13", "{80D8CE12-CB41-49B4-ABB9-156038D92F45}"
	ProjectSection(SolutionItems) = preProject
		Week2\13\Lesson13.html = Week2\13\Lesson13.html
	EndProjectSection
EndProject
Project("{2150E333-8FDC-42A3-9474-1A3956D46DE8}") = "14", "14", "{BEAF4BD1-FB0C-412F-A9CA-9FE1A71A4A0A}"
	ProjectSection(SolutionItems) = preProject
		Week2\14\Lesson14.html = Week2\14\Lesson14.html
	EndProjectSection
EndProject
Project("{2150E333-8FDC-42A3-9474-1A3956D46DE8}") = "15", "15", "{930EF3A0-692F-47EF-B788-25BD2FC2C248}"
	ProjectSection(SolutionItems) = preProject
		Week2\15\Lesson15.html = Week2\15\Lesson15.html
	EndProjectSection
EndProject
Project("{2150E333-8FDC-42A3-9474-1A3956D46DE8}") = "16", "16", "{81BBB8A6-AD4B-4331-9262-9B7E228338C2}"
	ProjectSection(SolutionItems) = preProject
		Week2\16\Lesson16.html = Week2\16\Lesson16.html
	EndProjectSection
EndProject
Project("{2150E333-8FDC-42A3-9474-1A3956D46DE8}") = "17", "17", "{B1932FDA-8D8B-45C1-9D17-48BAE41ACC3B}"
	ProjectSection(SolutionItems) = preProject
		Week2\17\GoodDogPlain.eot = Week2\17\GoodDogPlain.eot
		Week2\17\GoodDogPlain.svg = Week2\17\GoodDogPlain.svg
		Week2\17\GoodDogPlain.ttf = Week2\17\GoodDogPlain.ttf
		Week2\17\GoodDogPlain.woff = Week2\17\GoodDogPlain.woff
		Week2\17\GoodDogPlain.woff2 = Week2\17\GoodDogPlain.woff2
		Week2\17\Lesson17.html = Week2\17\Lesson17.html
		Week2\17\styles.css = Week2\17\styles.css
	EndProjectSection
EndProject
Project("{2150E333-8FDC-42A3-9474-1A3956D46DE8}") = "18", "18", "{D3504191-0630-430D-9B1F-BC5A74A6FB53}"
	ProjectSection(SolutionItems) = preProject
		Week2\18\30seconds.mp4 = Week2\18\30seconds.mp4
		Week2\18\Lesson18.html = Week2\18\Lesson18.html
		Week2\18\poster.jpg = Week2\18\poster.jpg
	EndProjectSection
EndProject
Project("{2150E333-8FDC-42A3-9474-1A3956D46DE8}") = "19", "19", "{A8007515-F625-49AC-AABB-70905D5AF8C3}"
	ProjectSection(SolutionItems) = preProject
		Week2\19\Lesson19.html = Week2\19\Lesson19.html
	EndProjectSection
EndProject
Project("{2150E333-8FDC-42A3-9474-1A3956D46DE8}") = "20", "20", "{1A368E1C-8BE8-4B83-AAC0-03BC60C7CD90}"
	ProjectSection(SolutionItems) = preProject
		Week2\20\copy_paste_svg.html = Week2\20\copy_paste_svg.html
		Week2\20\external_link.html = Week2\20\external_link.html
		Week2\20\Illustrator_SVG.png.png = Week2\20\Illustrator_SVG.png.png
		Week2\20\svg_interactivity.html = Week2\20\svg_interactivity.html
		Week2\20\Test.svg = Week2\20\Test.svg
	EndProjectSection
EndProject
Project("{2150E333-8FDC-42A3-9474-1A3956D46DE8}") = "UnderstandingArrays", "UnderstandingArrays", "{111C23E0-91F2-49BE-A2AE-F6ECF37A40E0}"
EndProject
Project("{FAE04EC0-301F-11D3-BF4B-00C04F79EFBC}") = "UnderstandingArrays", "UnderstandingArrays\UnderstandingArrays.csproj", "{0BBEB658-8C55-4824-AD28-63A451C48D7D}"
EndProject
Project("{2150E333-8FDC-42A3-9474-1A3956D46DE8}") = "SimpleMethod", "SimpleMethod", "{1F4BF3BE-E75B-48BF-B4E4-2F8B0446A7D0}"
EndProject
Project("{FAE04EC0-301F-11D3-BF4B-00C04F79EFBC}") = "ConsoleApp2", "ConsoleApp2\ConsoleApp2.csproj", "{D450CDD7-08F2-430D-8F82-563E53C9B772}"
EndProject
Project("{2150E333-8FDC-42A3-9474-1A3956D46DE8}") = "Defining and Calling Methods", "Defining and Calling Methods", "{072A91E3-A86C-4443-9758-62915CF0F85C}"
EndProject
Project("{FAE04EC0-301F-11D3-BF4B-00C04F79EFBC}") = "ConsoleApp3", "ConsoleApp3\ConsoleApp3.csproj", "{6DB06F46-683D-426B-901F-C4B2EE13A4FE}"
EndProject
Project("{2150E333-8FDC-42A3-9474-1A3956D46DE8}") = "WhileIteration", "WhileIteration", "{A3C9ED7D-A250-4658-9C73-9280E82527E6}"
EndProject
Project("{FAE04EC0-301F-11D3-BF4B-00C04F79EFBC}") = "WhileIteration", "WhileIteration\WhileIteration.csproj", "{AF738E27-EBEE-48A2-BFCF-266226158C4D}"
EndProject
Project("{2150E333-8FDC-42A3-9474-1A3956D46DE8}") = "WorkingWithStrings", "WorkingWithStrings", "{F7FC6E1A-601E-4A86-B388-238B5104291F}"
EndProject
Project("{FAE04EC0-301F-11D3-BF4B-00C04F79EFBC}") = "WorkingWithStrings", "WorkingWithStrings\WorkingWithStrings.csproj", "{FBF7A7BA-8317-4983-9352-C290128CA413}"
EndProject
Project("{2150E333-8FDC-42A3-9474-1A3956D46DE8}") = "DatesAndTimes", "DatesAndTimes", "{0294B251-F500-476C-9FC0-4731D9A59300}"
EndProject
Project("{FAE04EC0-301F-11D3-BF4B-00C04F79EFBC}") = "DatesAndTimes", "DatesAndTimes\DatesAndTimes.csproj", "{6B0B3558-B554-48F7-A250-5B0B88715A05}"
EndProject
Project("{2150E333-8FDC-42A3-9474-1A3956D46DE8}") = "SimpleClasses", "SimpleClasses", "{CF2A5677-58AD-4B9C-A0EA-1B400F2D7945}"
EndProject
Project("{FAE04EC0-301F-11D3-BF4B-00C04F79EFBC}") = "SimpleClasses", "SimpleClasses\SimpleClasses.csproj", "{BAA5B31F-ECDC-444C-997A-7554A4F733A4}"
EndProject
Project("{2150E333-8FDC-42A3-9474-1A3956D46DE8}") = "ObjectLifetime", "ObjectLifetime", "{94D55FAA-18AB-4AC1-A65B-9ED80D0FB34B}"
EndProject
Project("{FAE04EC0-301F-11D3-BF4B-00C04F79EFBC}") = "ObjectLifetime", "ObjectLifetime\ObjectLifetime.csproj", "{A1A66D8C-F249-42BE-920D-7B2E8D786F7F}"
EndProject
Project("{2150E333-8FDC-42A3-9474-1A3956D46DE8}") = "UnderstandingScope", "UnderstandingScope", "{59B0BA4A-3EF0-4D13-BB22-6BEFE3F97DEC}"
EndProject
Project("{FAE04EC0-301F-11D3-BF4B-00C04F79EFBC}") = "UnderstandingScope", "UnderstandingScope\UnderstandingScope.csproj", "{61E8C9C8-177C-4991-BA78-8AA7A79102B0}"
EndProject
Project("{2150E333-8FDC-42A3-9474-1A3956D46DE8}") = "AssembliesAndNamespaces", "AssembliesAndNamespaces", "{639AF006-A3B0-4791-822D-64FF1B940A08}"
EndProject
Project("{FAE04EC0-301F-11D3-BF4B-00C04F79EFBC}") = "AssembliesAndNamespaces", "AssembliesAndNamespaces\AssembliesAndNamespaces.csproj", "{85778229-819D-4EB0-BA2C-E0DE2D56EA60}"
EndProject
Project("{2150E333-8FDC-42A3-9474-1A3956D46DE8}") = "MyCodeLibrary", "MyCodeLibrary", "{AB709621-A142-442B-AF9B-498551314341}"
EndProject
Project("{FAE04EC0-301F-11D3-BF4B-00C04F79EFBC}") = "MyCodeLibrary", "MyCodeLibrary\MyCodeLibrary.csproj", "{6C26142A-D817-4F86-9CB0-F1F74BE05FA3}"
EndProject
Project("{FAE04EC0-301F-11D3-BF4B-00C04F79EFBC}") = "myClient", "myClient\myClient.csproj", "{115E08BC-2FF2-4937-A723-8EB2484FC66D}"
EndProject
Project("{2150E333-8FDC-42A3-9474-1A3956D46DE8}") = "WorkingWithCollections", "WorkingWithCollections", "{001FCE93-6C60-4A11-863C-78950E0575AA}"
EndProject
Project("{FAE04EC0-301F-11D3-BF4B-00C04F79EFBC}") = "WorkingWIthCollections", "WorkingWIthCollections\WorkingWIthCollections.csproj", "{33BA5C27-4FDF-4956-B15E-6B0812973425}"
EndProject
Project("{2150E333-8FDC-42A3-9474-1A3956D46DE8}") = "UnderstandingLINQ", "UnderstandingLINQ", "{AF820184-C4ED-4789-A0F3-3429A59F35DA}"
EndProject
Project("{FAE04EC0-301F-11D3-BF4B-00C04F79EFBC}") = "UnderstandingLINQ", "UnderstandingLINQ\UnderstandingLINQ.csproj", "{7C6C2679-AA78-4C7C-8A35-85D274E7E123}"
EndProject
Project("{2150E333-8FDC-42A3-9474-1A3956D46DE8}") = "EnumsAndSwitch", "EnumsAndSwitch", "{D798C7F7-10FD-4E2B-BE44-C5161CACF914}"
EndProject
Project("{FAE04EC0-301F-11D3-BF4B-00C04F79EFBC}") = "EnumsAndSwitch", "EnumsAndSwitch\EnumsAndSwitch.csproj", "{F3A2E6FC-C1CA-41B7-9959-FFC1CAA9B5F4}"
EndProject
Project("{2150E333-8FDC-42A3-9474-1A3956D46DE8}") = "HandlingExceptions", "HandlingExceptions", "{D7BF53A5-4D48-4B06-92C6-99B34332A96E}"
EndProject
Project("{FAE04EC0-301F-11D3-BF4B-00C04F79EFBC}") = "HandlingExceptions", "HandlingExceptions\HandlingExceptions.csproj", "{7DEAC4E5-7336-426F-9867-8BF2BC3E7862}"
EndProject
Project("{2150E333-8FDC-42A3-9474-1A3956D46DE8}") = "TimerExample", "TimerExample", "{17F1C842-8073-4DC5-AC6D-399E082346C1}"
EndProject
Project("{FAE04EC0-301F-11D3-BF4B-00C04F79EFBC}") = "TimerExample", "TimerExample\TimerExample.csproj", "{0F8CCC2E-D43C-45CA-B46A-714D0E9EE78C}"
EndProject
Project("{2150E333-8FDC-42A3-9474-1A3956D46DE8}") = "WPF", "WPF", "{992B7E9E-514E-4DEF-8B91-5D4BCCD1492A}"
EndProject
Project("{FAE04EC0-301F-11D3-BF4B-00C04F79EFBC}") = "WPFEvents", "WPFEvents\WPFEvents.csproj", "{317A8BCC-B1F3-40A1-AE7A-E31D60BA5BD8}"
EndProject
Global
	GlobalSection(SolutionConfigurationPlatforms) = preSolution
		Debug|Any CPU = Debug|Any CPU
		Release|Any CPU = Release|Any CPU
	EndGlobalSection
	GlobalSection(ProjectConfigurationPlatforms) = postSolution
		{00D47051-563E-49FB-8B78-3949013CF5D4}.Debug|Any CPU.ActiveCfg = Debug|Any CPU
		{00D47051-563E-49FB-8B78-3949013CF5D4}.Debug|Any CPU.Build.0 = Debug|Any CPU
		{00D47051-563E-49FB-8B78-3949013CF5D4}.Release|Any CPU.ActiveCfg = Release|Any CPU
		{00D47051-563E-49FB-8B78-3949013CF5D4}.Release|Any CPU.Build.0 = Release|Any CPU
		{F4FD23D8-1CB4-4E44-821A-E78A6CF4913A}.Debug|Any CPU.ActiveCfg = Debug|Any CPU
		{F4FD23D8-1CB4-4E44-821A-E78A6CF4913A}.Debug|Any CPU.Build.0 = Debug|Any CPU
		{F4FD23D8-1CB4-4E44-821A-E78A6CF4913A}.Release|Any CPU.ActiveCfg = Release|Any CPU
		{F4FD23D8-1CB4-4E44-821A-E78A6CF4913A}.Release|Any CPU.Build.0 = Release|Any CPU
		{2E7484D9-D459-43B1-B6FA-0DC51B209E01}.Debug|Any CPU.ActiveCfg = Debug|Any CPU
		{2E7484D9-D459-43B1-B6FA-0DC51B209E01}.Debug|Any CPU.Build.0 = Debug|Any CPU
		{2E7484D9-D459-43B1-B6FA-0DC51B209E01}.Release|Any CPU.ActiveCfg = Release|Any CPU
		{2E7484D9-D459-43B1-B6FA-0DC51B209E01}.Release|Any CPU.Build.0 = Release|Any CPU
		{BBB99F66-81BE-4ECA-B747-1FAC2A058B0F}.Debug|Any CPU.ActiveCfg = Debug|Any CPU
		{BBB99F66-81BE-4ECA-B747-1FAC2A058B0F}.Debug|Any CPU.Build.0 = Debug|Any CPU
		{BBB99F66-81BE-4ECA-B747-1FAC2A058B0F}.Release|Any CPU.ActiveCfg = Release|Any CPU
		{BBB99F66-81BE-4ECA-B747-1FAC2A058B0F}.Release|Any CPU.Build.0 = Release|Any CPU
		{5A646E19-3E6C-48BE-8EC4-EC8D12B95F0D}.Debug|Any CPU.ActiveCfg = Debug|Any CPU
		{5A646E19-3E6C-48BE-8EC4-EC8D12B95F0D}.Debug|Any CPU.Build.0 = Debug|Any CPU
		{5A646E19-3E6C-48BE-8EC4-EC8D12B95F0D}.Release|Any CPU.ActiveCfg = Release|Any CPU
		{5A646E19-3E6C-48BE-8EC4-EC8D12B95F0D}.Release|Any CPU.Build.0 = Release|Any CPU
		{0BBEB658-8C55-4824-AD28-63A451C48D7D}.Debug|Any CPU.ActiveCfg = Debug|Any CPU
		{0BBEB658-8C55-4824-AD28-63A451C48D7D}.Debug|Any CPU.Build.0 = Debug|Any CPU
		{0BBEB658-8C55-4824-AD28-63A451C48D7D}.Release|Any CPU.ActiveCfg = Release|Any CPU
		{0BBEB658-8C55-4824-AD28-63A451C48D7D}.Release|Any CPU.Build.0 = Release|Any CPU
		{D450CDD7-08F2-430D-8F82-563E53C9B772}.Debug|Any CPU.ActiveCfg = Debug|Any CPU
		{D450CDD7-08F2-430D-8F82-563E53C9B772}.Debug|Any CPU.Build.0 = Debug|Any CPU
		{D450CDD7-08F2-430D-8F82-563E53C9B772}.Release|Any CPU.ActiveCfg = Release|Any CPU
		{D450CDD7-08F2-430D-8F82-563E53C9B772}.Release|Any CPU.Build.0 = Release|Any CPU
		{6DB06F46-683D-426B-901F-C4B2EE13A4FE}.Debug|Any CPU.ActiveCfg = Debug|Any CPU
		{6DB06F46-683D-426B-901F-C4B2EE13A4FE}.Debug|Any CPU.Build.0 = Debug|Any CPU
		{6DB06F46-683D-426B-901F-C4B2EE13A4FE}.Release|Any CPU.ActiveCfg = Release|Any CPU
		{6DB06F46-683D-426B-901F-C4B2EE13A4FE}.Release|Any CPU.Build.0 = Release|Any CPU
		{AF738E27-EBEE-48A2-BFCF-266226158C4D}.Debug|Any CPU.ActiveCfg = Debug|Any CPU
		{AF738E27-EBEE-48A2-BFCF-266226158C4D}.Debug|Any CPU.Build.0 = Debug|Any CPU
		{AF738E27-EBEE-48A2-BFCF-266226158C4D}.Release|Any CPU.ActiveCfg = Release|Any CPU
		{AF738E27-EBEE-48A2-BFCF-266226158C4D}.Release|Any CPU.Build.0 = Release|Any CPU
		{FBF7A7BA-8317-4983-9352-C290128CA413}.Debug|Any CPU.ActiveCfg = Debug|Any CPU
		{FBF7A7BA-8317-4983-9352-C290128CA413}.Debug|Any CPU.Build.0 = Debug|Any CPU
		{FBF7A7BA-8317-4983-9352-C290128CA413}.Release|Any CPU.ActiveCfg = Release|Any CPU
		{FBF7A7BA-8317-4983-9352-C290128CA413}.Release|Any CPU.Build.0 = Release|Any CPU
		{6B0B3558-B554-48F7-A250-5B0B88715A05}.Debug|Any CPU.ActiveCfg = Debug|Any CPU
		{6B0B3558-B554-48F7-A250-5B0B88715A05}.Debug|Any CPU.Build.0 = Debug|Any CPU
		{6B0B3558-B554-48F7-A250-5B0B88715A05}.Release|Any CPU.ActiveCfg = Release|Any CPU
		{6B0B3558-B554-48F7-A250-5B0B88715A05}.Release|Any CPU.Build.0 = Release|Any CPU
		{BAA5B31F-ECDC-444C-997A-7554A4F733A4}.Debug|Any CPU.ActiveCfg = Debug|Any CPU
		{BAA5B31F-ECDC-444C-997A-7554A4F733A4}.Debug|Any CPU.Build.0 = Debug|Any CPU
		{BAA5B31F-ECDC-444C-997A-7554A4F733A4}.Release|Any CPU.ActiveCfg = Release|Any CPU
		{BAA5B31F-ECDC-444C-997A-7554A4F733A4}.Release|Any CPU.Build.0 = Release|Any CPU
		{A1A66D8C-F249-42BE-920D-7B2E8D786F7F}.Debug|Any CPU.ActiveCfg = Debug|Any CPU
		{A1A66D8C-F249-42BE-920D-7B2E8D786F7F}.Debug|Any CPU.Build.0 = Debug|Any CPU
		{A1A66D8C-F249-42BE-920D-7B2E8D786F7F}.Release|Any CPU.ActiveCfg = Release|Any CPU
		{A1A66D8C-F249-42BE-920D-7B2E8D786F7F}.Release|Any CPU.Build.0 = Release|Any CPU
		{61E8C9C8-177C-4991-BA78-8AA7A79102B0}.Debug|Any CPU.ActiveCfg = Debug|Any CPU
		{61E8C9C8-177C-4991-BA78-8AA7A79102B0}.Debug|Any CPU.Build.0 = Debug|Any CPU
		{61E8C9C8-177C-4991-BA78-8AA7A79102B0}.Release|Any CPU.ActiveCfg = Release|Any CPU
		{61E8C9C8-177C-4991-BA78-8AA7A79102B0}.Release|Any CPU.Build.0 = Release|Any CPU
		{85778229-819D-4EB0-BA2C-E0DE2D56EA60}.Debug|Any CPU.ActiveCfg = Debug|Any CPU
		{85778229-819D-4EB0-BA2C-E0DE2D56EA60}.Debug|Any CPU.Build.0 = Debug|Any CPU
		{85778229-819D-4EB0-BA2C-E0DE2D56EA60}.Release|Any CPU.ActiveCfg = Release|Any CPU
		{85778229-819D-4EB0-BA2C-E0DE2D56EA60}.Release|Any CPU.Build.0 = Release|Any CPU
		{6C26142A-D817-4F86-9CB0-F1F74BE05FA3}.Debug|Any CPU.ActiveCfg = Debug|Any CPU
		{6C26142A-D817-4F86-9CB0-F1F74BE05FA3}.Debug|Any CPU.Build.0 = Debug|Any CPU
		{6C26142A-D817-4F86-9CB0-F1F74BE05FA3}.Release|Any CPU.ActiveCfg = Release|Any CPU
		{6C26142A-D817-4F86-9CB0-F1F74BE05FA3}.Release|Any CPU.Build.0 = Release|Any CPU
		{115E08BC-2FF2-4937-A723-8EB2484FC66D}.Debug|Any CPU.ActiveCfg = Debug|Any CPU
		{115E08BC-2FF2-4937-A723-8EB2484FC66D}.Debug|Any CPU.Build.0 = Debug|Any CPU
		{115E08BC-2FF2-4937-A723-8EB2484FC66D}.Release|Any CPU.ActiveCfg = Release|Any CPU
		{115E08BC-2FF2-4937-A723-8EB2484FC66D}.Release|Any CPU.Build.0 = Release|Any CPU
		{33BA5C27-4FDF-4956-B15E-6B0812973425}.Debug|Any CPU.ActiveCfg = Debug|Any CPU
		{33BA5C27-4FDF-4956-B15E-6B0812973425}.Debug|Any CPU.Build.0 = Debug|Any CPU
		{33BA5C27-4FDF-4956-B15E-6B0812973425}.Release|Any CPU.ActiveCfg = Release|Any CPU
		{33BA5C27-4FDF-4956-B15E-6B0812973425}.Release|Any CPU.Build.0 = Release|Any CPU
		{7C6C2679-AA78-4C7C-8A35-85D274E7E123}.Debug|Any CPU.ActiveCfg = Debug|Any CPU
		{7C6C2679-AA78-4C7C-8A35-85D274E7E123}.Debug|Any CPU.Build.0 = Debug|Any CPU
		{7C6C2679-AA78-4C7C-8A35-85D274E7E123}.Release|Any CPU.ActiveCfg = Release|Any CPU
		{7C6C2679-AA78-4C7C-8A35-85D274E7E123}.Release|Any CPU.Build.0 = Release|Any CPU
		{F3A2E6FC-C1CA-41B7-9959-FFC1CAA9B5F4}.Debug|Any CPU.ActiveCfg = Debug|Any CPU
		{F3A2E6FC-C1CA-41B7-9959-FFC1CAA9B5F4}.Debug|Any CPU.Build.0 = Debug|Any CPU
		{F3A2E6FC-C1CA-41B7-9959-FFC1CAA9B5F4}.Release|Any CPU.ActiveCfg = Release|Any CPU
		{F3A2E6FC-C1CA-41B7-9959-FFC1CAA9B5F4}.Release|Any CPU.Build.0 = Release|Any CPU
		{7DEAC4E5-7336-426F-9867-8BF2BC3E7862}.Debug|Any CPU.ActiveCfg = Debug|Any CPU
		{7DEAC4E5-7336-426F-9867-8BF2BC3E7862}.Debug|Any CPU.Build.0 = Debug|Any CPU
		{7DEAC4E5-7336-426F-9867-8BF2BC3E7862}.Release|Any CPU.ActiveCfg = Release|Any CPU
		{7DEAC4E5-7336-426F-9867-8BF2BC3E7862}.Release|Any CPU.Build.0 = Release|Any CPU
		{0F8CCC2E-D43C-45CA-B46A-714D0E9EE78C}.Debug|Any CPU.ActiveCfg = Debug|Any CPU
		{0F8CCC2E-D43C-45CA-B46A-714D0E9EE78C}.Debug|Any CPU.Build.0 = Debug|Any CPU
		{0F8CCC2E-D43C-45CA-B46A-714D0E9EE78C}.Release|Any CPU.ActiveCfg = Release|Any CPU
		{0F8CCC2E-D43C-45CA-B46A-714D0E9EE78C}.Release|Any CPU.Build.0 = Release|Any CPU
		{317A8BCC-B1F3-40A1-AE7A-E31D60BA5BD8}.Debug|Any CPU.ActiveCfg = Debug|Any CPU
		{317A8BCC-B1F3-40A1-AE7A-E31D60BA5BD8}.Debug|Any CPU.Build.0 = Debug|Any CPU
		{317A8BCC-B1F3-40A1-AE7A-E31D60BA5BD8}.Release|Any CPU.ActiveCfg = Release|Any CPU
		{317A8BCC-B1F3-40A1-AE7A-E31D60BA5BD8}.Release|Any CPU.Build.0 = Release|Any CPU
	EndGlobalSection
	GlobalSection(SolutionProperties) = preSolution
		HideSolutionNode = FALSE
	EndGlobalSection
	GlobalSection(NestedProjects) = preSolution
		{0FBE3FD2-8F3D-4698-8A9F-177D47A404C6} = {48538E4E-9AEA-4244-BC34-380CE2F888A9}
		{88ECA697-5526-4244-9B5F-14DFA01AAA4F} = {9EFC9D30-E674-4D1A-B3B1-2F0B08C797C8}
		{00D47051-563E-49FB-8B78-3949013CF5D4} = {88ECA697-5526-4244-9B5F-14DFA01AAA4F}
		{F4700381-0CAE-44E9-9960-AFEF86B399F6} = {9EFC9D30-E674-4D1A-B3B1-2F0B08C797C8}
		{F4FD23D8-1CB4-4E44-821A-E78A6CF4913A} = {F4700381-0CAE-44E9-9960-AFEF86B399F6}
		{353DE3DC-C8AF-42DC-B57A-D5F9E493FFCE} = {9EFC9D30-E674-4D1A-B3B1-2F0B08C797C8}
		{2E7484D9-D459-43B1-B6FA-0DC51B209E01} = {353DE3DC-C8AF-42DC-B57A-D5F9E493FFCE}
		{1CBC91B4-39DD-4C32-8CD5-8A3FCF626FD1} = {9EFC9D30-E674-4D1A-B3B1-2F0B08C797C8}
		{BBB99F66-81BE-4ECA-B747-1FAC2A058B0F} = {1CBC91B4-39DD-4C32-8CD5-8A3FCF626FD1}
		{9E03E2FF-C433-4229-A876-569137983D4B} = {9EFC9D30-E674-4D1A-B3B1-2F0B08C797C8}
		{5A646E19-3E6C-48BE-8EC4-EC8D12B95F0D} = {9E03E2FF-C433-4229-A876-569137983D4B}
		{ABFAEEE0-3C61-494E-A4C0-CE4D5605CBBF} = {48538E4E-9AEA-4244-BC34-380CE2F888A9}
		{E570420D-3848-4A80-870E-CD5CE69DB4ED} = {48538E4E-9AEA-4244-BC34-380CE2F888A9}
		{91B396F2-9D9C-4DAE-9583-8DD7B073369F} = {E570420D-3848-4A80-870E-CD5CE69DB4ED}
		{9C98D522-7808-4857-8CA1-25B22B152DD3} = {48538E4E-9AEA-4244-BC34-380CE2F888A9}
		{5829BC4E-99AF-477F-B300-F3891572E486} = {48538E4E-9AEA-4244-BC34-380CE2F888A9}
		{C2DF729E-1F8C-4A5A-96DE-A19AA5DBD9F2} = {48538E4E-9AEA-4244-BC34-380CE2F888A9}
		{7F7DD04D-4A18-4030-8376-AEC3D9E24A00} = {48538E4E-9AEA-4244-BC34-380CE2F888A9}
		{96725C7E-97AB-4A07-B5FA-EE2C5A0203A0} = {48538E4E-9AEA-4244-BC34-380CE2F888A9}
		{4A6113BB-69A2-4974-9AE4-E14773BF4C16} = {48538E4E-9AEA-4244-BC34-380CE2F888A9}
		{80D8CE12-CB41-49B4-ABB9-156038D92F45} = {48538E4E-9AEA-4244-BC34-380CE2F888A9}
		{BEAF4BD1-FB0C-412F-A9CA-9FE1A71A4A0A} = {48538E4E-9AEA-4244-BC34-380CE2F888A9}
		{930EF3A0-692F-47EF-B788-25BD2FC2C248} = {48538E4E-9AEA-4244-BC34-380CE2F888A9}
		{81BBB8A6-AD4B-4331-9262-9B7E228338C2} = {48538E4E-9AEA-4244-BC34-380CE2F888A9}
		{B1932FDA-8D8B-45C1-9D17-48BAE41ACC3B} = {48538E4E-9AEA-4244-BC34-380CE2F888A9}
		{D3504191-0630-430D-9B1F-BC5A74A6FB53} = {48538E4E-9AEA-4244-BC34-380CE2F888A9}
		{A8007515-F625-49AC-AABB-70905D5AF8C3} = {48538E4E-9AEA-4244-BC34-380CE2F888A9}
		{1A368E1C-8BE8-4B83-AAC0-03BC60C7CD90} = {48538E4E-9AEA-4244-BC34-380CE2F888A9}
		{111C23E0-91F2-49BE-A2AE-F6ECF37A40E0} = {9EFC9D30-E674-4D1A-B3B1-2F0B08C797C8}
		{0BBEB658-8C55-4824-AD28-63A451C48D7D} = {111C23E0-91F2-49BE-A2AE-F6ECF37A40E0}
		{1F4BF3BE-E75B-48BF-B4E4-2F8B0446A7D0} = {9EFC9D30-E674-4D1A-B3B1-2F0B08C797C8}
		{D450CDD7-08F2-430D-8F82-563E53C9B772} = {1F4BF3BE-E75B-48BF-B4E4-2F8B0446A7D0}
		{072A91E3-A86C-4443-9758-62915CF0F85C} = {9EFC9D30-E674-4D1A-B3B1-2F0B08C797C8}
		{6DB06F46-683D-426B-901F-C4B2EE13A4FE} = {072A91E3-A86C-4443-9758-62915CF0F85C}
		{A3C9ED7D-A250-4658-9C73-9280E82527E6} = {9EFC9D30-E674-4D1A-B3B1-2F0B08C797C8}
		{AF738E27-EBEE-48A2-BFCF-266226158C4D} = {A3C9ED7D-A250-4658-9C73-9280E82527E6}
		{F7FC6E1A-601E-4A86-B388-238B5104291F} = {9EFC9D30-E674-4D1A-B3B1-2F0B08C797C8}
		{FBF7A7BA-8317-4983-9352-C290128CA413} = {F7FC6E1A-601E-4A86-B388-238B5104291F}
		{0294B251-F500-476C-9FC0-4731D9A59300} = {9EFC9D30-E674-4D1A-B3B1-2F0B08C797C8}
		{6B0B3558-B554-48F7-A250-5B0B88715A05} = {0294B251-F500-476C-9FC0-4731D9A59300}
		{CF2A5677-58AD-4B9C-A0EA-1B400F2D7945} = {9EFC9D30-E674-4D1A-B3B1-2F0B08C797C8}
		{BAA5B31F-ECDC-444C-997A-7554A4F733A4} = {CF2A5677-58AD-4B9C-A0EA-1B400F2D7945}
		{94D55FAA-18AB-4AC1-A65B-9ED80D0FB34B} = {9EFC9D30-E674-4D1A-B3B1-2F0B08C797C8}
		{A1A66D8C-F249-42BE-920D-7B2E8D786F7F} = {94D55FAA-18AB-4AC1-A65B-9ED80D0FB34B}
		{59B0BA4A-3EF0-4D13-BB22-6BEFE3F97DEC} = {9EFC9D30-E674-4D1A-B3B1-2F0B08C797C8}
		{61E8C9C8-177C-4991-BA78-8AA7A79102B0} = {59B0BA4A-3EF0-4D13-BB22-6BEFE3F97DEC}
		{639AF006-A3B0-4791-822D-64FF1B940A08} = {9EFC9D30-E674-4D1A-B3B1-2F0B08C797C8}
		{85778229-819D-4EB0-BA2C-E0DE2D56EA60} = {639AF006-A3B0-4791-822D-64FF1B940A08}
		{AB709621-A142-442B-AF9B-498551314341} = {9EFC9D30-E674-4D1A-B3B1-2F0B08C797C8}
		{6C26142A-D817-4F86-9CB0-F1F74BE05FA3} = {AB709621-A142-442B-AF9B-498551314341}
		{115E08BC-2FF2-4937-A723-8EB2484FC66D} = {AB709621-A142-442B-AF9B-498551314341}
		{001FCE93-6C60-4A11-863C-78950E0575AA} = {9EFC9D30-E674-4D1A-B3B1-2F0B08C797C8}
		{33BA5C27-4FDF-4956-B15E-6B0812973425} = {001FCE93-6C60-4A11-863C-78950E0575AA}
		{AF820184-C4ED-4789-A0F3-3429A59F35DA} = {9EFC9D30-E674-4D1A-B3B1-2F0B08C797C8}
		{7C6C2679-AA78-4C7C-8A35-85D274E7E123} = {AF820184-C4ED-4789-A0F3-3429A59F35DA}
		{D798C7F7-10FD-4E2B-BE44-C5161CACF914} = {9EFC9D30-E674-4D1A-B3B1-2F0B08C797C8}
		{F3A2E6FC-C1CA-41B7-9959-FFC1CAA9B5F4} = {D798C7F7-10FD-4E2B-BE44-C5161CACF914}
		{D7BF53A5-4D48-4B06-92C6-99B34332A96E} = {9EFC9D30-E674-4D1A-B3B1-2F0B08C797C8}
		{7DEAC4E5-7336-426F-9867-8BF2BC3E7862} = {D7BF53A5-4D48-4B06-92C6-99B34332A96E}
		{17F1C842-8073-4DC5-AC6D-399E082346C1} = {9EFC9D30-E674-4D1A-B3B1-2F0B08C797C8}
		{0F8CCC2E-D43C-45CA-B46A-714D0E9EE78C} = {17F1C842-8073-4DC5-AC6D-399E082346C1}
		{992B7E9E-514E-4DEF-8B91-5D4BCCD1492A} = {9EFC9D30-E674-4D1A-B3B1-2F0B08C797C8}
		{317A8BCC-B1F3-40A1-AE7A-E31D60BA5BD8} = {992B7E9E-514E-4DEF-8B91-5D4BCCD1492A}
	EndGlobalSection
	GlobalSection(ExtensibilityGlobals) = postSolution
		SolutionGuid = {65332B08-7143-4F19-8F53-B2F41D1FE69E}
	EndGlobalSection
EndGlobal
